
Microsoft Visual Studio Solution File, Format Version 12.00
# Visual Studio Version 17
VisualStudioVersion = 17.13.35818.85 d17.13
MinimumVisualStudioVersion = 10.0.40219.1
Project("{FAE04EC0-301F-11D3-BF4B-00C04F79EFBC}") = "lionstudy54 class and 8", "lionstudy54 class and 8\lionstudy54 class and 8.csproj", "{E8BBFCDD-A2D9-4FF6-BEBA-9E81D58F11AE}"
EndProject
Global
	GlobalSection(SolutionConfigurationPlatforms) = preSolution
		Debug|Any CPU = Debug|Any CPU
		Release|Any CPU = Release|Any CPU
	EndGlobalSection
	GlobalSection(ProjectConfigurationPlatforms) = postSolution
		{E8BBFCDD-A2D9-4FF6-BEBA-9E81D58F11AE}.Debug|Any CPU.ActiveCfg = Debug|Any CPU
		{E8BBFCDD-A2D9-4FF6-BEBA-9E81D58F11AE}.Debug|Any CPU.Build.0 = Debug|Any CPU
		{E8BBFCDD-A2D9-4FF6-BEBA-9E81D58F11AE}.Release|Any CPU.ActiveCfg = Release|Any CPU
		{E8BBFCDD-A2D9-4FF6-BEBA-9E81D58F11AE}.Release|Any CPU.Build.0 = Release|Any CPU
	EndGlobalSection
	GlobalSection(SolutionProperties) = preSolution
		HideSolutionNode = FALSE
	EndGlobalSection
	GlobalSection(ExtensibilityGlobals) = postSolution
		SolutionGuid = {B0254659-0872-458D-B6E6-D1AE43792004}
	EndGlobalSection
EndGlobal
