
Microsoft Visual Studio Solution File, Format Version 12.00
# Visual Studio Version 17
VisualStudioVersion = 17.13.35818.85 d17.13
MinimumVisualStudioVersion = 10.0.40219.1
Project("{FAE04EC0-301F-11D3-BF4B-00C04F79EFBC}") = "lionstudy60_소멸자", "lionstudy60_소멸자\lionstudy60_소멸자.csproj", "{48969F0C-E1A3-4457-AF14-E6D3FA396666}"
EndProject
Global
	GlobalSection(SolutionConfigurationPlatforms) = preSolution
		Debug|Any CPU = Debug|Any CPU
		Release|Any CPU = Release|Any CPU
	EndGlobalSection
	GlobalSection(ProjectConfigurationPlatforms) = postSolution
		{48969F0C-E1A3-4457-AF14-E6D3FA396666}.Debug|Any CPU.ActiveCfg = Debug|Any CPU
		{48969F0C-E1A3-4457-AF14-E6D3FA396666}.Debug|Any CPU.Build.0 = Debug|Any CPU
		{48969F0C-E1A3-4457-AF14-E6D3FA396666}.Release|Any CPU.ActiveCfg = Release|Any CPU
		{48969F0C-E1A3-4457-AF14-E6D3FA396666}.Release|Any CPU.Build.0 = Release|Any CPU
	EndGlobalSection
	GlobalSection(SolutionProperties) = preSolution
		HideSolutionNode = FALSE
	EndGlobalSection
	GlobalSection(ExtensibilityGlobals) = postSolution
		SolutionGuid = {171054D6-6CA8-4103-A976-F016BB20068F}
	EndGlobalSection
EndGlobal
