
Microsoft Visual Studio Solution File, Format Version 12.00
# Visual Studio Version 17
VisualStudioVersion = 17.13.35818.85 d17.13
MinimumVisualStudioVersion = 10.0.40219.1
Project("{FAE04EC0-301F-11D3-BF4B-00C04F79EFBC}") = "lionstudy35_shootingGame", "lionstudy35_shootingGame\lionstudy35_shootingGame.csproj", "{473DBF81-9E2A-44D7-93B3-7AA4991C5DFB}"
EndProject
Global
	GlobalSection(SolutionConfigurationPlatforms) = preSolution
		Debug|Any CPU = Debug|Any CPU
		Release|Any CPU = Release|Any CPU
	EndGlobalSection
	GlobalSection(ProjectConfigurationPlatforms) = postSolution
		{473DBF81-9E2A-44D7-93B3-7AA4991C5DFB}.Debug|Any CPU.ActiveCfg = Debug|Any CPU
		{473DBF81-9E2A-44D7-93B3-7AA4991C5DFB}.Debug|Any CPU.Build.0 = Debug|Any CPU
		{473DBF81-9E2A-44D7-93B3-7AA4991C5DFB}.Release|Any CPU.ActiveCfg = Release|Any CPU
		{473DBF81-9E2A-44D7-93B3-7AA4991C5DFB}.Release|Any CPU.Build.0 = Release|Any CPU
	EndGlobalSection
	GlobalSection(SolutionProperties) = preSolution
		HideSolutionNode = FALSE
	EndGlobalSection
	GlobalSection(ExtensibilityGlobals) = postSolution
		SolutionGuid = {A1CE56CB-A959-470E-86DA-2ACD3437853C}
	EndGlobalSection
EndGlobal
