
Microsoft Visual Studio Solution File, Format Version 12.00
# Visual Studio Version 17
VisualStudioVersion = 17.13.35818.85 d17.13
MinimumVisualStudioVersion = 10.0.40219.1
Project("{FAE04EC0-301F-11D3-BF4B-00C04F79EFBC}") = "lionstudy71_Action", "lionstudy71_Action\lionstudy71_Action.csproj", "{79B77E73-F221-41D6-A1AC-9B1812CFB270}"
EndProject
Global
	GlobalSection(SolutionConfigurationPlatforms) = preSolution
		Debug|Any CPU = Debug|Any CPU
		Release|Any CPU = Release|Any CPU
	EndGlobalSection
	GlobalSection(ProjectConfigurationPlatforms) = postSolution
		{79B77E73-F221-41D6-A1AC-9B1812CFB270}.Debug|Any CPU.ActiveCfg = Debug|Any CPU
		{79B77E73-F221-41D6-A1AC-9B1812CFB270}.Debug|Any CPU.Build.0 = Debug|Any CPU
		{79B77E73-F221-41D6-A1AC-9B1812CFB270}.Release|Any CPU.ActiveCfg = Release|Any CPU
		{79B77E73-F221-41D6-A1AC-9B1812CFB270}.Release|Any CPU.Build.0 = Release|Any CPU
	EndGlobalSection
	GlobalSection(SolutionProperties) = preSolution
		HideSolutionNode = FALSE
	EndGlobalSection
	GlobalSection(ExtensibilityGlobals) = postSolution
		SolutionGuid = {D11C9C3A-0931-4C5C-843B-913A4AC96283}
	EndGlobalSection
EndGlobal
