
Microsoft Visual Studio Solution File, Format Version 12.00
# Visual Studio Version 17
VisualStudioVersion = 17.13.35818.85 d17.13
MinimumVisualStudioVersion = 10.0.40219.1
Project("{FAE04EC0-301F-11D3-BF4B-00C04F79EFBC}") = "lionstudy43_generics", "lionstudy43_generics\lionstudy43_generics.csproj", "{EF146771-7FE6-4A88-A470-B62EE0E0AE0A}"
EndProject
Global
	GlobalSection(SolutionConfigurationPlatforms) = preSolution
		Debug|Any CPU = Debug|Any CPU
		Release|Any CPU = Release|Any CPU
	EndGlobalSection
	GlobalSection(ProjectConfigurationPlatforms) = postSolution
		{EF146771-7FE6-4A88-A470-B62EE0E0AE0A}.Debug|Any CPU.ActiveCfg = Debug|Any CPU
		{EF146771-7FE6-4A88-A470-B62EE0E0AE0A}.Debug|Any CPU.Build.0 = Debug|Any CPU
		{EF146771-7FE6-4A88-A470-B62EE0E0AE0A}.Release|Any CPU.ActiveCfg = Release|Any CPU
		{EF146771-7FE6-4A88-A470-B62EE0E0AE0A}.Release|Any CPU.Build.0 = Release|Any CPU
	EndGlobalSection
	GlobalSection(SolutionProperties) = preSolution
		HideSolutionNode = FALSE
	EndGlobalSection
	GlobalSection(ExtensibilityGlobals) = postSolution
		SolutionGuid = {EBFC2C9A-6351-4255-9B4E-5D335C72F2CA}
	EndGlobalSection
EndGlobal
