
Microsoft Visual Studio Solution File, Format Version 12.00
# Visual Studio Version 17
VisualStudioVersion = 17.13.35818.85 d17.13
MinimumVisualStudioVersion = 10.0.40219.1
Project("{FAE04EC0-301F-11D3-BF4B-00C04F79EFBC}") = "lionstudy8_readline", "lionstudy8_readline\lionstudy8_readline.csproj", "{2AB9EC6A-F163-4EF6-A016-4E725F939B19}"
EndProject
Global
	GlobalSection(SolutionConfigurationPlatforms) = preSolution
		Debug|Any CPU = Debug|Any CPU
		Release|Any CPU = Release|Any CPU
	EndGlobalSection
	GlobalSection(ProjectConfigurationPlatforms) = postSolution
		{2AB9EC6A-F163-4EF6-A016-4E725F939B19}.Debug|Any CPU.ActiveCfg = Debug|Any CPU
		{2AB9EC6A-F163-4EF6-A016-4E725F939B19}.Debug|Any CPU.Build.0 = Debug|Any CPU
		{2AB9EC6A-F163-4EF6-A016-4E725F939B19}.Release|Any CPU.ActiveCfg = Release|Any CPU
		{2AB9EC6A-F163-4EF6-A016-4E725F939B19}.Release|Any CPU.Build.0 = Release|Any CPU
	EndGlobalSection
	GlobalSection(SolutionProperties) = preSolution
		HideSolutionNode = FALSE
	EndGlobalSection
	GlobalSection(ExtensibilityGlobals) = postSolution
		SolutionGuid = {4B01C7B5-F235-4EC8-834B-608FF9587930}
	EndGlobalSection
EndGlobal
