
Microsoft Visual Studio Solution File, Format Version 12.00
# Visual Studio Version 17
VisualStudioVersion = 17.13.35818.85 d17.13
MinimumVisualStudioVersion = 10.0.40219.1
Project("{FAE04EC0-301F-11D3-BF4B-00C04F79EFBC}") = "lionstudy21_Bingo", "lionstudy21_Bingo\lionstudy21_Bingo.csproj", "{52C0DD64-7917-4D6E-B83C-20DE5475E7C9}"
EndProject
Global
	GlobalSection(SolutionConfigurationPlatforms) = preSolution
		Debug|Any CPU = Debug|Any CPU
		Release|Any CPU = Release|Any CPU
	EndGlobalSection
	GlobalSection(ProjectConfigurationPlatforms) = postSolution
		{52C0DD64-7917-4D6E-B83C-20DE5475E7C9}.Debug|Any CPU.ActiveCfg = Debug|Any CPU
		{52C0DD64-7917-4D6E-B83C-20DE5475E7C9}.Debug|Any CPU.Build.0 = Debug|Any CPU
		{52C0DD64-7917-4D6E-B83C-20DE5475E7C9}.Release|Any CPU.ActiveCfg = Release|Any CPU
		{52C0DD64-7917-4D6E-B83C-20DE5475E7C9}.Release|Any CPU.Build.0 = Release|Any CPU
	EndGlobalSection
	GlobalSection(SolutionProperties) = preSolution
		HideSolutionNode = FALSE
	EndGlobalSection
	GlobalSection(ExtensibilityGlobals) = postSolution
		SolutionGuid = {96A80956-4040-4C8E-8882-687FF33E0B73}
	EndGlobalSection
EndGlobal
