
Microsoft Visual Studio Solution File, Format Version 12.00
# Visual Studio Version 17
VisualStudioVersion = 17.13.35818.85 d17.13
MinimumVisualStudioVersion = 10.0.40219.1
Project("{FAE04EC0-301F-11D3-BF4B-00C04F79EFBC}") = "lionstudy14", "lionstudy14\lionstudy14.csproj", "{0CA6E977-33BB-41B6-A503-EB1FAE39393D}"
EndProject
Global
	GlobalSection(SolutionConfigurationPlatforms) = preSolution
		Debug|Any CPU = Debug|Any CPU
		Release|Any CPU = Release|Any CPU
	EndGlobalSection
	GlobalSection(ProjectConfigurationPlatforms) = postSolution
		{0CA6E977-33BB-41B6-A503-EB1FAE39393D}.Debug|Any CPU.ActiveCfg = Debug|Any CPU
		{0CA6E977-33BB-41B6-A503-EB1FAE39393D}.Debug|Any CPU.Build.0 = Debug|Any CPU
		{0CA6E977-33BB-41B6-A503-EB1FAE39393D}.Release|Any CPU.ActiveCfg = Release|Any CPU
		{0CA6E977-33BB-41B6-A503-EB1FAE39393D}.Release|Any CPU.Build.0 = Release|Any CPU
	EndGlobalSection
	GlobalSection(SolutionProperties) = preSolution
		HideSolutionNode = FALSE
	EndGlobalSection
	GlobalSection(ExtensibilityGlobals) = postSolution
		SolutionGuid = {E331195F-AC65-4890-8D2A-5A3129E9BCCA}
	EndGlobalSection
EndGlobal
