
Microsoft Visual Studio Solution File, Format Version 12.00
# Visual Studio Version 17
VisualStudioVersion = 17.13.35818.85 d17.13
MinimumVisualStudioVersion = 10.0.40219.1
Project("{FAE04EC0-301F-11D3-BF4B-00C04F79EFBC}") = "lionstudy_51  class and 5", "lionstudy_51  class and 5\lionstudy_51  class and 5.csproj", "{66F222BE-5EE7-49F6-A130-A2058FDB5B7C}"
EndProject
Global
	GlobalSection(SolutionConfigurationPlatforms) = preSolution
		Debug|Any CPU = Debug|Any CPU
		Release|Any CPU = Release|Any CPU
	EndGlobalSection
	GlobalSection(ProjectConfigurationPlatforms) = postSolution
		{66F222BE-5EE7-49F6-A130-A2058FDB5B7C}.Debug|Any CPU.ActiveCfg = Debug|Any CPU
		{66F222BE-5EE7-49F6-A130-A2058FDB5B7C}.Debug|Any CPU.Build.0 = Debug|Any CPU
		{66F222BE-5EE7-49F6-A130-A2058FDB5B7C}.Release|Any CPU.ActiveCfg = Release|Any CPU
		{66F222BE-5EE7-49F6-A130-A2058FDB5B7C}.Release|Any CPU.Build.0 = Release|Any CPU
	EndGlobalSection
	GlobalSection(SolutionProperties) = preSolution
		HideSolutionNode = FALSE
	EndGlobalSection
	GlobalSection(ExtensibilityGlobals) = postSolution
		SolutionGuid = {D851023D-D234-4548-B3C2-7B71CD791D9C}
	EndGlobalSection
EndGlobal
