
Microsoft Visual Studio Solution File, Format Version 12.00
# Visual Studio Version 17
VisualStudioVersion = 17.13.35818.85 d17.13
MinimumVisualStudioVersion = 10.0.40219.1
Project("{FAE04EC0-301F-11D3-BF4B-00C04F79EFBC}") = "lionstudy55 class and 9", "lionstudy55 class and 9\lionstudy55 class and 9.csproj", "{86A5E2C0-99A7-4415-8B14-405C3032ACF9}"
EndProject
Global
	GlobalSection(SolutionConfigurationPlatforms) = preSolution
		Debug|Any CPU = Debug|Any CPU
		Release|Any CPU = Release|Any CPU
	EndGlobalSection
	GlobalSection(ProjectConfigurationPlatforms) = postSolution
		{86A5E2C0-99A7-4415-8B14-405C3032ACF9}.Debug|Any CPU.ActiveCfg = Debug|Any CPU
		{86A5E2C0-99A7-4415-8B14-405C3032ACF9}.Debug|Any CPU.Build.0 = Debug|Any CPU
		{86A5E2C0-99A7-4415-8B14-405C3032ACF9}.Release|Any CPU.ActiveCfg = Release|Any CPU
		{86A5E2C0-99A7-4415-8B14-405C3032ACF9}.Release|Any CPU.Build.0 = Release|Any CPU
	EndGlobalSection
	GlobalSection(SolutionProperties) = preSolution
		HideSolutionNode = FALSE
	EndGlobalSection
	GlobalSection(ExtensibilityGlobals) = postSolution
		SolutionGuid = {B803AC76-1BA2-4427-8761-238BAE404175}
	EndGlobalSection
EndGlobal
