
Microsoft Visual Studio Solution File, Format Version 12.00
# Visual Studio Version 17
VisualStudioVersion = 17.13.35818.85 d17.13
MinimumVisualStudioVersion = 10.0.40219.1
Project("{FAE04EC0-301F-11D3-BF4B-00C04F79EFBC}") = "lionstudy59_Person", "lionstudy59_Person\lionstudy59_Person.csproj", "{289823E9-9A51-4EEB-B29F-70CABE0CEF25}"
EndProject
Global
	GlobalSection(SolutionConfigurationPlatforms) = preSolution
		Debug|Any CPU = Debug|Any CPU
		Release|Any CPU = Release|Any CPU
	EndGlobalSection
	GlobalSection(ProjectConfigurationPlatforms) = postSolution
		{289823E9-9A51-4EEB-B29F-70CABE0CEF25}.Debug|Any CPU.ActiveCfg = Debug|Any CPU
		{289823E9-9A51-4EEB-B29F-70CABE0CEF25}.Debug|Any CPU.Build.0 = Debug|Any CPU
		{289823E9-9A51-4EEB-B29F-70CABE0CEF25}.Release|Any CPU.ActiveCfg = Release|Any CPU
		{289823E9-9A51-4EEB-B29F-70CABE0CEF25}.Release|Any CPU.Build.0 = Release|Any CPU
	EndGlobalSection
	GlobalSection(SolutionProperties) = preSolution
		HideSolutionNode = FALSE
	EndGlobalSection
	GlobalSection(ExtensibilityGlobals) = postSolution
		SolutionGuid = {5DB2983A-17A0-40ED-9961-D2DC58DDC41A}
	EndGlobalSection
EndGlobal
